// !$*UTF8*$!
{
	archiveVersion = 1;
	classes = {
	};
	objectVersion = 56;
	objects = {

/* Begin PBXBuildFile section */
		38AAD10D2AC2D74D00698067 /* AppDelegate.swift in Sources */ = {isa = PBXBuildFile; fileRef = 38AAD10C2AC2D74D00698067 /* AppDelegate.swift */; };
		38AAD10F2AC2D74D00698067 /* SceneDelegate.swift in Sources */ = {isa = PBXBuildFile; fileRef = 38AAD10E2AC2D74D00698067 /* SceneDelegate.swift */; };
		38AAD1112AC2D74D00698067 /* ViewController.swift in Sources */ = {isa = PBXBuildFile; fileRef = 38AAD1102AC2D74D00698067 /* ViewController.swift */; };
		38AAD1142AC2D74D00698067 /* Main.storyboard in Resources */ = {isa = PBXBuildFile; fileRef = 38AAD1122AC2D74D00698067 /* Main.storyboard */; };
		38AAD1172AC2D74D00698067 /* GitDemoProject.xcdatamodeld in Sources */ = {isa = PBXBuildFile; fileRef = 38AAD1152AC2D74D00698067 /* GitDemoProject.xcdatamodeld */; };
		38AAD1192AC2D74D00698067 /* Assets.xcassets in Resources */ = {isa = PBXBuildFile; fileRef = 38AAD1182AC2D74D00698067 /* Assets.xcassets */; };
		38AAD11C2AC2D74D00698067 /* LaunchScreen.storyboard in Resources */ = {isa = PBXBuildFile; fileRef = 38AAD11A2AC2D74D00698067 /* LaunchScreen.storyboard */; };
		38AAD1272AC2D74D00698067 /* GitDemoProjectTests.swift in Sources */ = {isa = PBXBuildFile; fileRef = 38AAD1262AC2D74D00698067 /* GitDemoProjectTests.swift */; };
		38AAD1312AC2D74D00698067 /* GitDemoProjectUITests.swift in Sources */ = {isa = PBXBuildFile; fileRef = 38AAD1302AC2D74D00698067 /* GitDemoProjectUITests.swift */; };
		38AAD1332AC2D74D00698067 /* GitDemoProjectUITestsLaunchTests.swift in Sources */ = {isa = PBXBuildFile; fileRef = 38AAD1322AC2D74D00698067 /* GitDemoProjectUITestsLaunchTests.swift */; };
/* End PBXBuildFile section */

/* Begin PBXContainerItemProxy section */
		38AAD1232AC2D74D00698067 /* PBXContainerItemProxy */ = {
			isa = PBXContainerItemProxy;
			containerPortal = 38AAD1012AC2D74D00698067 /* Project object */;
			proxyType = 1;
			remoteGlobalIDString = 38AAD1082AC2D74D00698067;
			remoteInfo = GitDemoProject;
		};
		38AAD12D2AC2D74D00698067 /* PBXContainerItemProxy */ = {
			isa = PBXContainerItemProxy;
			containerPortal = 38AAD1012AC2D74D00698067 /* Project object */;
			proxyType = 1;
			remoteGlobalIDString = 38AAD1082AC2D74D00698067;
			remoteInfo = GitDemoProject;
		};
/* End PBXContainerItemProxy section */

/* Begin PBXFileReference section */
		38AAD1092AC2D74D00698067 /* GitDemoProject.app */ = {isa = PBXFileReference; explicitFileType = wrapper.application; includeInIndex = 0; path = GitDemoProject.app; sourceTree = BUILT_PRODUCTS_DIR; };
		38AAD10C2AC2D74D00698067 /* AppDelegate.swift */ = {isa = PBXFileReference; lastKnownFileType = sourcecode.swift; path = AppDelegate.swift; sourceTree = "<group>"; };
		38AAD10E2AC2D74D00698067 /* SceneDelegate.swift */ = {isa = PBXFileReference; lastKnownFileType = sourcecode.swift; path = SceneDelegate.swift; sourceTree = "<group>"; };
		38AAD1102AC2D74D00698067 /* ViewController.swift */ = {isa = PBXFileReference; lastKnownFileType = sourcecode.swift; path = ViewController.swift; sourceTree = "<group>"; };
		38AAD1132AC2D74D00698067 /* Base */ = {isa = PBXFileReference; lastKnownFileType = file.storyboard; name = Base; path = Base.lproj/Main.storyboard; sourceTree = "<group>"; };
		38AAD1162AC2D74D00698067 /* GitDemoProject.xcdatamodel */ = {isa = PBXFileReference; lastKnownFileType = wrapper.xcdatamodel; path = GitDemoProject.xcdatamodel; sourceTree = "<group>"; };
		38AAD1182AC2D74D00698067 /* Assets.xcassets */ = {isa = PBXFileReference; lastKnownFileType = folder.assetcatalog; path = Assets.xcassets; sourceTree = "<group>"; };
		38AAD11B2AC2D74D00698067 /* Base */ = {isa = PBXFileReference; lastKnownFileType = file.storyboard; name = Base; path = Base.lproj/LaunchScreen.storyboard; sourceTree = "<group>"; };
		38AAD11D2AC2D74D00698067 /* Info.plist */ = {isa = PBXFileReference; lastKnownFileType = text.plist.xml; path = Info.plist; sourceTree = "<group>"; };
		38AAD1222AC2D74D00698067 /* GitDemoProjectTests.xctest */ = {isa = PBXFileReference; explicitFileType = wrapper.cfbundle; includeInIndex = 0; path = GitDemoProjectTests.xctest; sourceTree = BUILT_PRODUCTS_DIR; };
		38AAD1262AC2D74D00698067 /* GitDemoProjectTests.swift */ = {isa = PBXFileReference; lastKnownFileType = sourcecode.swift; path = GitDemoProjectTests.swift; sourceTree = "<group>"; };
		38AAD12C2AC2D74D00698067 /* GitDemoProjectUITests.xctest */ = {isa = PBXFileReference; explicitFileType = wrapper.cfbundle; includeInIndex = 0; path = GitDemoProjectUITests.xctest; sourceTree = BUILT_PRODUCTS_DIR; };
		38AAD1302AC2D74D00698067 /* GitDemoProjectUITests.swift */ = {isa = PBXFileReference; lastKnownFileType = sourcecode.swift; path = GitDemoProjectUITests.swift; sourceTree = "<group>"; };
		38AAD1322AC2D74D00698067 /* GitDemoProjectUITestsLaunchTests.swift */ = {isa = PBXFileReference; lastKnownFileType = sourcecode.swift; path = GitDemoProjectUITestsLaunchTests.swift; sourceTree = "<group>"; };
/* End PBXFileReference section */

/* Begin PBXFrameworksBuildPhase section */
		38AAD1062AC2D74D00698067 /* Frameworks */ = {
			isa = PBXFrameworksBuildPhase;
			buildActionMask = 2147483647;
			files = (
			);
			runOnlyForDeploymentPostprocessing = 0;
		};
		38AAD11F2AC2D74D00698067 /* Frameworks */ = {
			isa = PBXFrameworksBuildPhase;
			buildActionMask = 2147483647;
			files = (
			);
			runOnlyForDeploymentPostprocessing = 0;
		};
		38AAD1292AC2D74D00698067 /* Frameworks */ = {
			isa = PBXFrameworksBuildPhase;
			buildActionMask = 2147483647;
			files = (
			);
			runOnlyForDeploymentPostprocessing = 0;
		};
/* End PBXFrameworksBuildPhase section */

/* Begin PBXGroup section */
		38AAD1002AC2D74D00698067 = {
			isa = PBXGroup;
			children = (
				38AAD10B2AC2D74D00698067 /* GitDemoProject */,
				38AAD1252AC2D74D00698067 /* GitDemoProjectTests */,
				38AAD12F2AC2D74D00698067 /* GitDemoProjectUITests */,
				38AAD10A2AC2D74D00698067 /* Products */,
			);
			sourceTree = "<group>";
		};
		38AAD10A2AC2D74D00698067 /* Products */ = {
			isa = PBXGroup;
			children = (
				38AAD1092AC2D74D00698067 /* GitDemoProject.app */,
				38AAD1222AC2D74D00698067 /* GitDemoProjectTests.xctest */,
				38AAD12C2AC2D74D00698067 /* GitDemoProjectUITests.xctest */,
			);
			name = Products;
			sourceTree = "<group>";
		};
		38AAD10B2AC2D74D00698067 /* GitDemoProject */ = {
			isa = PBXGroup;
			children = (
				38AAD10C2AC2D74D00698067 /* AppDelegate.swift */,
				38AAD10E2AC2D74D00698067 /* SceneDelegate.swift */,
				38AAD1102AC2D74D00698067 /* ViewController.swift */,
				38AAD1122AC2D74D00698067 /* Main.storyboard */,
				38AAD1182AC2D74D00698067 /* Assets.xcassets */,
				38AAD11A2AC2D74D00698067 /* LaunchScreen.storyboard */,
				38AAD11D2AC2D74D00698067 /* Info.plist */,
				38AAD1152AC2D74D00698067 /* GitDemoProject.xcdatamodeld */,
			);
			path = GitDemoProject;
			sourceTree = "<group>";
		};
		38AAD1252AC2D74D00698067 /* GitDemoProjectTests */ = {
			isa = PBXGroup;
			children = (
				38AAD1262AC2D74D00698067 /* GitDemoProjectTests.swift */,
			);
			path = GitDemoProjectTests;
			sourceTree = "<group>";
		};
		38AAD12F2AC2D74D00698067 /* GitDemoProjectUITests */ = {
			isa = PBXGroup;
			children = (
				38AAD1302AC2D74D00698067 /* GitDemoProjectUITests.swift */,
				38AAD1322AC2D74D00698067 /* GitDemoProjectUITestsLaunchTests.swift */,
			);
			path = GitDemoProjectUITests;
			sourceTree = "<group>";
		};
/* End PBXGroup section */

/* Begin PBXNativeTarget section */
		38AAD1082AC2D74D00698067 /* GitDemoProject */ = {
			isa = PBXNativeTarget;
			buildConfigurationList = 38AAD1362AC2D74D00698067 /* Build configuration list for PBXNativeTarget "GitDemoProject" */;
			buildPhases = (
				38AAD1052AC2D74D00698067 /* Sources */,
				38AAD1062AC2D74D00698067 /* Frameworks */,
				38AAD1072AC2D74D00698067 /* Resources */,
			);
			buildRules = (
			);
			dependencies = (
			);
			name = GitDemoProject;
			productName = GitDemoProject;
			productReference = 38AAD1092AC2D74D00698067 /* GitDemoProject.app */;
			productType = "com.apple.product-type.application";
		};
		38AAD1212AC2D74D00698067 /* GitDemoProjectTests */ = {
			isa = PBXNativeTarget;
			buildConfigurationList = 38AAD1392AC2D74D00698067 /* Build configuration list for PBXNativeTarget "GitDemoProjectTests" */;
			buildPhases = (
				38AAD11E2AC2D74D00698067 /* Sources */,
				38AAD11F2AC2D74D00698067 /* Frameworks */,
				38AAD1202AC2D74D00698067 /* Resources */,
			);
			buildRules = (
			);
			dependencies = (
				38AAD1242AC2D74D00698067 /* PBXTargetDependency */,
			);
			name = GitDemoProjectTests;
			productName = GitDemoProjectTests;
			productReference = 38AAD1222AC2D74D00698067 /* GitDemoProjectTests.xctest */;
			productType = "com.apple.product-type.bundle.unit-test";
		};
		38AAD12B2AC2D74D00698067 /* GitDemoProjectUITests */ = {
			isa = PBXNativeTarget;
			buildConfigurationList = 38AAD13C2AC2D74D00698067 /* Build configuration list for PBXNativeTarget "GitDemoProjectUITests" */;
			buildPhases = (
				38AAD1282AC2D74D00698067 /* Sources */,
				38AAD1292AC2D74D00698067 /* Frameworks */,
				38AAD12A2AC2D74D00698067 /* Resources */,
			);
			buildRules = (
			);
			dependencies = (
				38AAD12E2AC2D74D00698067 /* PBXTargetDependency */,
			);
			name = GitDemoProjectUITests;
			productName = GitDemoProjectUITests;
			productReference = 38AAD12C2AC2D74D00698067 /* GitDemoProjectUITests.xctest */;
			productType = "com.apple.product-type.bundle.ui-testing";
		};
/* End PBXNativeTarget section */

/* Begin PBXProject section */
		38AAD1012AC2D74D00698067 /* Project object */ = {
			isa = PBXProject;
			attributes = {
				BuildIndependentTargetsInParallel = 1;
				LastSwiftUpdateCheck = 1430;
				LastUpgradeCheck = 1430;
				TargetAttributes = {
					38AAD1082AC2D74D00698067 = {
						CreatedOnToolsVersion = 14.3;
					};
					38AAD1212AC2D74D00698067 = {
						CreatedOnToolsVersion = 14.3;
						TestTargetID = 38AAD1082AC2D74D00698067;
					};
					38AAD12B2AC2D74D00698067 = {
						CreatedOnToolsVersion = 14.3;
						TestTargetID = 38AAD1082AC2D74D00698067;
					};
				};
			};
			buildConfigurationList = 38AAD1042AC2D74D00698067 /* Build configuration list for PBXProject "GitDemoProject" */;
			compatibilityVersion = "Xcode 14.0";
			developmentRegion = en;
			hasScannedForEncodings = 0;
			knownRegions = (
				en,
				Base,
			);
			mainGroup = 38AAD1002AC2D74D00698067;
			productRefGroup = 38AAD10A2AC2D74D00698067 /* Products */;
			projectDirPath = "";
			projectRoot = "";
			targets = (
				38AAD1082AC2D74D00698067 /* GitDemoProject */,
				38AAD1212AC2D74D00698067 /* GitDemoProjectTests */,
				38AAD12B2AC2D74D00698067 /* GitDemoProjectUITests */,
			);
		};
/* End PBXProject section */

/* Begin PBXResourcesBuildPhase section */
		38AAD1072AC2D74D00698067 /* Resources */ = {
			isa = PBXResourcesBuildPhase;
			buildActionMask = 2147483647;
			files = (
				38AAD11C2AC2D74D00698067 /* LaunchScreen.storyboard in Resources */,
				38AAD1192AC2D74D00698067 /* Assets.xcassets in Resources */,
				38AAD1142AC2D74D00698067 /* Main.storyboard in Resources */,
			);
			runOnlyForDeploymentPostprocessing = 0;
		};
		38AAD1202AC2D74D00698067 /* Resources */ = {
			isa = PBXResourcesBuildPhase;
			buildActionMask = 2147483647;
			files = (
			);
			runOnlyForDeploymentPostprocessing = 0;
		};
		38AAD12A2AC2D74D00698067 /* Resources */ = {
			isa = PBXResourcesBuildPhase;
			buildActionMask = 2147483647;
			files = (
			);
			runOnlyForDeploymentPostprocessing = 0;
		};
/* End PBXResourcesBuildPhase section */

/* Begin PBXSourcesBuildPhase section */
		38AAD1052AC2D74D00698067 /* Sources */ = {
			isa = PBXSourcesBuildPhase;
			buildActionMask = 2147483647;
			files = (
				38AAD1112AC2D74D00698067 /* ViewController.swift in Sources */,
				38AAD10D2AC2D74D00698067 /* AppDelegate.swift in Sources */,
				38AAD10F2AC2D74D00698067 /* SceneDelegate.swift in Sources */,
				38AAD1172AC2D74D00698067 /* GitDemoProject.xcdatamodeld in Sources */,
			);
			runOnlyForDeploymentPostprocessing = 0;
		};
		38AAD11E2AC2D74D00698067 /* Sources */ = {
			isa = PBXSourcesBuildPhase;
			buildActionMask = 2147483647;
			files = (
				38AAD1272AC2D74D00698067 /* GitDemoProjectTests.swift in Sources */,
			);
			runOnlyForDeploymentPostprocessing = 0;
		};
		38AAD1282AC2D74D00698067 /* Sources */ = {
			isa = PBXSourcesBuildPhase;
			buildActionMask = 2147483647;
			files = (
				38AAD1332AC2D74D00698067 /* GitDemoProjectUITestsLaunchTests.swift in Sources */,
				38AAD1312AC2D74D00698067 /* GitDemoProjectUITests.swift in Sources */,
			);
			runOnlyForDeploymentPostprocessing = 0;
		};
/* End PBXSourcesBuildPhase section */

/* Begin PBXTargetDependency section */
		38AAD1242AC2D74D00698067 /* PBXTargetDependency */ = {
			isa = PBXTargetDependency;
			target = 38AAD1082AC2D74D00698067 /* GitDemoProject */;
			targetProxy = 38AAD1232AC2D74D00698067 /* PBXContainerItemProxy */;
		};
		38AAD12E2AC2D74D00698067 /* PBXTargetDependency */ = {
			isa = PBXTargetDependency;
			target = 38AAD1082AC2D74D00698067 /* GitDemoProject */;
			targetProxy = 38AAD12D2AC2D74D00698067 /* PBXContainerItemProxy */;
		};
/* End PBXTargetDependency section */

/* Begin PBXVariantGroup section */
		38AAD1122AC2D74D00698067 /* Main.storyboard */ = {
			isa = PBXVariantGroup;
			children = (
				38AAD1132AC2D74D00698067 /* Base */,
			);
			name = Main.storyboard;
			sourceTree = "<group>";
		};
		38AAD11A2AC2D74D00698067 /* LaunchScreen.storyboard */ = {
			isa = PBXVariantGroup;
			children = (
				38AAD11B2AC2D74D00698067 /* Base */,
			);
			name = LaunchScreen.storyboard;
			sourceTree = "<group>";
		};
/* End PBXVariantGroup section */

/* Begin XCBuildConfiguration section */
		38AAD1342AC2D74D00698067 /* Debug */ = {
			isa = XCBuildConfiguration;
			buildSettings = {
				ALWAYS_SEARCH_USER_PATHS = NO;
				CLANG_ANALYZER_NONNULL = YES;
				CLANG_ANALYZER_NUMBER_OBJECT_CONVERSION = YES_AGGRESSIVE;
				CLANG_CXX_LANGUAGE_STANDARD = "gnu++20";
				CLANG_ENABLE_MODULES = YES;
				CLANG_ENABLE_OBJC_ARC = YES;
				CLANG_ENABLE_OBJC_WEAK = YES;
				CLANG_WARN_BLOCK_CAPTURE_AUTORELEASING = YES;
				CLANG_WARN_BOOL_CONVERSION = YES;
				CLANG_WARN_COMMA = YES;
				CLANG_WARN_CONSTANT_CONVERSION = YES;
				CLANG_WARN_DEPRECATED_OBJC_IMPLEMENTATIONS = YES;
				CLANG_WARN_DIRECT_OBJC_ISA_USAGE = YES_ERROR;
				CLANG_WARN_DOCUMENTATION_COMMENTS = YES;
				CLANG_WARN_EMPTY_BODY = YES;
				CLANG_WARN_ENUM_CONVERSION = YES;
				CLANG_WARN_INFINITE_RECURSION = YES;
				CLANG_WARN_INT_CONVERSION = YES;
				CLANG_WARN_NON_LITERAL_NULL_CONVERSION = YES;
				CLANG_WARN_OBJC_IMPLICIT_RETAIN_SELF = YES;
				CLANG_WARN_OBJC_LITERAL_CONVERSION = YES;
				CLANG_WARN_OBJC_ROOT_CLASS = YES_ERROR;
				CLANG_WARN_QUOTED_INCLUDE_IN_FRAMEWORK_HEADER = YES;
				CLANG_WARN_RANGE_LOOP_ANALYSIS = YES;
				CLANG_WARN_STRICT_PROTOTYPES = YES;
				CLANG_WARN_SUSPICIOUS_MOVE = YES;
				CLANG_WARN_UNGUARDED_AVAILABILITY = YES_AGGRESSIVE;
				CLANG_WARN_UNREACHABLE_CODE = YES;
				CLANG_WARN__DUPLICATE_METHOD_MATCH = YES;
				COPY_PHASE_STRIP = NO;
				DEBUG_INFORMATION_FORMAT = dwarf;
				ENABLE_STRICT_OBJC_MSGSEND = YES;
				ENABLE_TESTABILITY = YES;
				GCC_C_LANGUAGE_STANDARD = gnu11;
				GCC_DYNAMIC_NO_PIC = NO;
				GCC_NO_COMMON_BLOCKS = YES;
				GCC_OPTIMIZATION_LEVEL = 0;
				GCC_PREPROCESSOR_DEFINITIONS = (
					"DEBUG=1",
					"$(inherited)",
				);
				GCC_WARN_64_TO_32_BIT_CONVERSION = YES;
				GCC_WARN_ABOUT_RETURN_TYPE = YES_ERROR;
				GCC_WARN_UNDECLARED_SELECTOR = YES;
				GCC_WARN_UNINITIALIZED_AUTOS = YES_AGGRESSIVE;
				GCC_WARN_UNUSED_FUNCTION = YES;
				GCC_WARN_UNUSED_VARIABLE = YES;
				IPHONEOS_DEPLOYMENT_TARGET = 16.4;
				MTL_ENABLE_DEBUG_INFO = INCLUDE_SOURCE;
				MTL_FAST_MATH = YES;
				ONLY_ACTIVE_ARCH = YES;
				SDKROOT = iphoneos;
				SWIFT_ACTIVE_COMPILATION_CONDITIONS = DEBUG;
				SWIFT_OPTIMIZATION_LEVEL = "-Onone";
			};
			name = Debug;
		};
		38AAD1352AC2D74D00698067 /* Release */ = {
			isa = XCBuildConfiguration;
			buildSettings = {
				ALWAYS_SEARCH_USER_PATHS = NO;
				CLANG_ANALYZER_NONNULL = YES;
				CLANG_ANALYZER_NUMBER_OBJECT_CONVERSION = YES_AGGRESSIVE;
				CLANG_CXX_LANGUAGE_STANDARD = "gnu++20";
				CLANG_ENABLE_MODULES = YES;
				CLANG_ENABLE_OBJC_ARC = YES;
				CLANG_ENABLE_OBJC_WEAK = YES;
				CLANG_WARN_BLOCK_CAPTURE_AUTORELEASING = YES;
				CLANG_WARN_BOOL_CONVERSION = YES;
				CLANG_WARN_COMMA = YES;
				CLANG_WARN_CONSTANT_CONVERSION = YES;
				CLANG_WARN_DEPRECATED_OBJC_IMPLEMENTATIONS = YES;
				CLANG_WARN_DIRECT_OBJC_ISA_USAGE = YES_ERROR;
				CLANG_WARN_DOCUMENTATION_COMMENTS = YES;
				CLANG_WARN_EMPTY_BODY = YES;
				CLANG_WARN_ENUM_CONVERSION = YES;
				CLANG_WARN_INFINITE_RECURSION = YES;
				CLANG_WARN_INT_CONVERSION = YES;
				CLANG_WARN_NON_LITERAL_NULL_CONVERSION = YES;
				CLANG_WARN_OBJC_IMPLICIT_RETAIN_SELF = YES;
				CLANG_WARN_OBJC_LITERAL_CONVERSION = YES;
				CLANG_WARN_OBJC_ROOT_CLASS = YES_ERROR;
				CLANG_WARN_QUOTED_INCLUDE_IN_FRAMEWORK_HEADER = YES;
				CLANG_WARN_RANGE_LOOP_ANALYSIS = YES;
				CLANG_WARN_STRICT_PROTOTYPES = YES;
				CLANG_WARN_SUSPICIOUS_MOVE = YES;
				CLANG_WARN_UNGUARDED_AVAILABILITY = YES_AGGRESSIVE;
				CLANG_WARN_UNREACHABLE_CODE = YES;
				CLANG_WARN__DUPLICATE_METHOD_MATCH = YES;
				COPY_PHASE_STRIP = NO;
				DEBUG_INFORMATION_FORMAT = "dwarf-with-dsym";
				ENABLE_NS_ASSERTIONS = NO;
				ENABLE_STRICT_OBJC_MSGSEND = YES;
				GCC_C_LANGUAGE_STANDARD = gnu11;
				GCC_NO_COMMON_BLOCKS = YES;
				GCC_WARN_64_TO_32_BIT_CONVERSION = YES;
				GCC_WARN_ABOUT_RETURN_TYPE = YES_ERROR;
				GCC_WARN_UNDECLARED_SELECTOR = YES;
				GCC_WARN_UNINITIALIZED_AUTOS = YES_AGGRESSIVE;
				GCC_WARN_UNUSED_FUNCTION = YES;
				GCC_WARN_UNUSED_VARIABLE = YES;
				IPHONEOS_DEPLOYMENT_TARGET = 16.4;
				MTL_ENABLE_DEBUG_INFO = NO;
				MTL_FAST_MATH = YES;
				SDKROOT = iphoneos;
				SWIFT_COMPILATION_MODE = wholemodule;
				SWIFT_OPTIMIZATION_LEVEL = "-O";
				VALIDATE_PRODUCT = YES;
			};
			name = Release;
		};
		38AAD1372AC2D74D00698067 /* Debug */ = {
			isa = XCBuildConfiguration;
			buildSettings = {
				ASSETCATALOG_COMPILER_APPICON_NAME = AppIcon;
				ASSETCATALOG_COMPILER_GLOBAL_ACCENT_COLOR_NAME = AccentColor;
				CODE_SIGN_STYLE = Automatic;
				CURRENT_PROJECT_VERSION = 1;
				GENERATE_INFOPLIST_FILE = YES;
				INFOPLIST_FILE = GitDemoProject/Info.plist;
				INFOPLIST_KEY_UIApplicationSupportsIndirectInputEvents = YES;
				INFOPLIST_KEY_UILaunchStoryboardName = LaunchScreen;
				INFOPLIST_KEY_UIMainStoryboardFile = Main;
				INFOPLIST_KEY_UISupportedInterfaceOrientations = UIInterfaceOrientationPortrait;
				LD_RUNPATH_SEARCH_PATHS = (
					"$(inherited)",
					"@executable_path/Frameworks",
				);
				MARKETING_VERSION = 1.0;
				PRODUCT_BUNDLE_IDENTIFIER = com.demo.GitDemoProject;
				PRODUCT_NAME = "$(TARGET_NAME)";
				SWIFT_EMIT_LOC_STRINGS = YES;
				SWIFT_VERSION = 5.0;
				TARGETED_DEVICE_FAMILY = "1,2";
			};
			name = Debug;
		};
		38AAD1382AC2D74D00698067 /* Release */ = {
			isa = XCBuildConfiguration;
			buildSettings = {
				ASSETCATALOG_COMPILER_APPICON_NAME = AppIcon;
				ASSETCATALOG_COMPILER_GLOBAL_ACCENT_COLOR_NAME = AccentColor;
				CODE_SIGN_STYLE = Automatic;
				CURRENT_PROJECT_VERSION = 1;
				GENERATE_INFOPLIST_FILE = YES;
				INFOPLIST_FILE = GitDemoProject/Info.plist;
				INFOPLIST_KEY_UIApplicationSupportsIndirectInputEvents = YES;
				INFOPLIST_KEY_UILaunchStoryboardName = LaunchScreen;
				INFOPLIST_KEY_UIMainStoryboardFile = Main;
				INFOPLIST_KEY_UISupportedInterfaceOrientations = UIInterfaceOrientationPortrait;
				LD_RUNPATH_SEARCH_PATHS = (
					"$(inherited)",
					"@executable_path/Frameworks",
				);
				MARKETING_VERSION = 1.0;
				PRODUCT_BUNDLE_IDENTIFIER = com.demo.GitDemoProject;
				PRODUCT_NAME = "$(TARGET_NAME)";
				SWIFT_EMIT_LOC_STRINGS = YES;
				SWIFT_VERSION = 5.0;
				TARGETED_DEVICE_FAMILY = "1,2";
			};
			name = Release;
		};
		38AAD13A2AC2D74D00698067 /* Debug */ = {
			isa = XCBuildConfiguration;
			buildSettings = {
				ALWAYS_EMBED_SWIFT_STANDARD_LIBRARIES = YES;
				BUNDLE_LOADER = "$(TEST_HOST)";
				CODE_SIGN_STYLE = Automatic;
				CURRENT_PROJECT_VERSION = 1;
				GENERATE_INFOPLIST_FILE = YES;
				IPHONEOS_DEPLOYMENT_TARGET = 16.4;
				MARKETING_VERSION = 1.0;
				PRODUCT_BUNDLE_IDENTIFIER = com.demo.GitDemoProjectTests;
				PRODUCT_NAME = "$(TARGET_NAME)";
				SWIFT_EMIT_LOC_STRINGS = NO;
				SWIFT_VERSION = 5.0;
				TARGETED_DEVICE_FAMILY = "1,2";
				TEST_HOST = "$(BUILT_PRODUCTS_DIR)/GitDemoProject.app/$(BUNDLE_EXECUTABLE_FOLDER_PATH)/GitDemoProject";
			};
			name = Debug;
		};
		38AAD13B2AC2D74D00698067 /* Release */ = {
			isa = XCBuildConfiguration;
			buildSettings = {
				ALWAYS_EMBED_SWIFT_STANDARD_LIBRARIES = YES;
				BUNDLE_LOADER = "$(TEST_HOST)";
				CODE_SIGN_STYLE = Automatic;
				CURRENT_PROJECT_VERSION = 1;
				GENERATE_INFOPLIST_FILE = YES;
				IPHONEOS_DEPLOYMENT_TARGET = 16.4;
				MARKETING_VERSION = 1.0;
				PRODUCT_BUNDLE_IDENTIFIER = com.demo.GitDemoProjectTests;
				PRODUCT_NAME = "$(TARGET_NAME)";
				SWIFT_EMIT_LOC_STRINGS = NO;
				SWIFT_VERSION = 5.0;
				TARGETED_DEVICE_FAMILY = "1,2";
				TEST_HOST = "$(BUILT_PRODUCTS_DIR)/GitDemoProject.app/$(BUNDLE_EXECUTABLE_FOLDER_PATH)/GitDemoProject";
			};
			name = Release;
		};
		38AAD13D2AC2D74D00698067 /* Debug */ = {
			isa = XCBuildConfiguration;
			buildSettings = {
				ALWAYS_EMBED_SWIFT_STANDARD_LIBRARIES = YES;
				CODE_SIGN_STYLE = Automatic;
				CURRENT_PROJECT_VERSION = 1;
				GENERATE_INFOPLIST_FILE = YES;
				MARKETING_VERSION = 1.0;
				PRODUCT_BUNDLE_IDENTIFIER = com.demo.GitDemoProjectUITests;
				PRODUCT_NAME = "$(TARGET_NAME)";
				SWIFT_EMIT_LOC_STRINGS = NO;
				SWIFT_VERSION = 5.0;
				TARGETED_DEVICE_FAMILY = "1,2";
				TEST_TARGET_NAME = GitDemoProject;
			};
			name = Debug;
		};
		38AAD13E2AC2D74D00698067 /* Release */ = {
			isa = XCBuildConfiguration;
			buildSettings = {
				ALWAYS_EMBED_SWIFT_STANDARD_LIBRARIES = YES;
				CODE_SIGN_STYLE = Automatic;
				CURRENT_PROJECT_VERSION = 1;
				GENERATE_INFOPLIST_FILE = YES;
				MARKETING_VERSION = 1.0;
				PRODUCT_BUNDLE_IDENTIFIER = com.demo.GitDemoProjectUITests;
				PRODUCT_NAME = "$(TARGET_NAME)";
				SWIFT_EMIT_LOC_STRINGS = NO;
				SWIFT_VERSION = 5.0;
				TARGETED_DEVICE_FAMILY = "1,2";
				TEST_TARGET_NAME = GitDemoProject;
			};
			name = Release;
		};
/* End XCBuildConfiguration section */

/* Begin XCConfigurationList section */
		38AAD1042AC2D74D00698067 /* Build configuration list for PBXProject "GitDemoProject" */ = {
			isa = XCConfigurationList;
			buildConfigurations = (
				38AAD1342AC2D74D00698067 /* Debug */,
				38AAD1352AC2D74D00698067 /* Release */,
			);
			defaultConfigurationIsVisible = 0;
			defaultConfigurationName = Release;
		};
		38AAD1362AC2D74D00698067 /* Build configuration list for PBXNativeTarget "GitDemoProject" */ = {
			isa = XCConfigurationList;
			buildConfigurations = (
				38AAD1372AC2D74D00698067 /* Debug */,
				38AAD1382AC2D74D00698067 /* Release */,
			);
			defaultConfigurationIsVisible = 0;
			defaultConfigurationName = Release;
		};
		38AAD1392AC2D74D00698067 /* Build configuration list for PBXNativeTarget "GitDemoProjectTests" */ = {
			isa = XCConfigurationList;
			buildConfigurations = (
				38AAD13A2AC2D74D00698067 /* Debug */,
				38AAD13B2AC2D74D00698067 /* Release */,
			);
			defaultConfigurationIsVisible = 0;
			defaultConfigurationName = Release;
		};
		38AAD13C2AC2D74D00698067 /* Build configuration list for PBXNativeTarget "GitDemoProjectUITests" */ = {
			isa = XCConfigurationList;
			buildConfigurations = (
				38AAD13D2AC2D74D00698067 /* Debug */,
				38AAD13E2AC2D74D00698067 /* Release */,
			);
			defaultConfigurationIsVisible = 0;
			defaultConfigurationName = Release;
		};
/* End XCConfigurationList section */

/* Begin XCVersionGroup section */
		38AAD1152AC2D74D00698067 /* GitDemoProject.xcdatamodeld */ = {
			isa = XCVersionGroup;
			children = (
				38AAD1162AC2D74D00698067 /* GitDemoProject.xcdatamodel */,
			);
			currentVersion = 38AAD1162AC2D74D00698067 /* GitDemoProject.xcdatamodel */;
			path = GitDemoProject.xcdatamodeld;
			sourceTree = "<group>";
			versionGroupType = wrapper.xcdatamodel;
		};
/* End XCVersionGroup section */
	};
	rootObject = 38AAD1012AC2D74D00698067 /* Project object */;
}
